// !$*UTF8*$!
{
	archiveVersion = 1;
	classes = {
	};
	objectVersion = 46;
	objects = {

/* Begin PBXBuildFile section */
		E631FA941B0500B200BF0CDA /* AppDelegate.swift in Sources */ = {isa = PBXBuildFile; fileRef = E631FA931B0500B200BF0CDA /* AppDelegate.swift */; };
		E631FA961B0500B200BF0CDA /* ViewController.swift in Sources */ = {isa = PBXBuildFile; fileRef = E631FA951B0500B200BF0CDA /* ViewController.swift */; };
		E631FA991B0500B200BF0CDA /* Main.storyboard in Resources */ = {isa = PBXBuildFile; fileRef = E631FA971B0500B200BF0CDA /* Main.storyboard */; };
		E631FA9B1B0500B200BF0CDA /* Images.xcassets in Resources */ = {isa = PBXBuildFile; fileRef = E631FA9A1B0500B200BF0CDA /* Images.xcassets */; };
		E631FA9E1B0500B200BF0CDA /* LaunchScreen.xib in Resources */ = {isa = PBXBuildFile; fileRef = E631FA9C1B0500B200BF0CDA /* LaunchScreen.xib */; };
		E631FAAA1B0500B200BF0CDA /* FactAppTests.swift in Sources */ = {isa = PBXBuildFile; fileRef = E631FAA91B0500B200BF0CDA /* FactAppTests.swift */; };
		E631FAB41B05011F00BF0CDA /* MapKit.framework in Frameworks */ = {isa = PBXBuildFile; fileRef = E631FAB31B05011F00BF0CDA /* MapKit.framework */; };
		E631FAB81B050F3500BF0CDA /* MainView.swift in Sources */ = {isa = PBXBuildFile; fileRef = E631FAB71B050F3500BF0CDA /* MainView.swift */; };
		E631FABA1B05140C00BF0CDA /* CircularScroll.swift in Sources */ = {isa = PBXBuildFile; fileRef = E631FAB91B05140C00BF0CDA /* CircularScroll.swift */; };
		E64C83E11B0660E400EF864B /* Bolts.framework in Frameworks */ = {isa = PBXBuildFile; fileRef = E64C83DC1B0660E400EF864B /* Bolts.framework */; };
		E64C83E21B0660E400EF864B /* Parse.framework in Frameworks */ = {isa = PBXBuildFile; fileRef = E64C83DD1B0660E400EF864B /* Parse.framework */; };
		E64C83E31B0660E400EF864B /* ParseCrashReporting.framework in Frameworks */ = {isa = PBXBuildFile; fileRef = E64C83DE1B0660E400EF864B /* ParseCrashReporting.framework */; };
		E64C83E41B0660E400EF864B /* ParseFacebookUtils.framework in Frameworks */ = {isa = PBXBuildFile; fileRef = E64C83DF1B0660E400EF864B /* ParseFacebookUtils.framework */; };
		E64C83E51B0660E400EF864B /* ParseFacebookUtilsV4.framework in Frameworks */ = {isa = PBXBuildFile; fileRef = E64C83E01B0660E400EF864B /* ParseFacebookUtilsV4.framework */; };
		E64C83E71B06611600EF864B /* ParseUI.framework in Frameworks */ = {isa = PBXBuildFile; fileRef = E64C83E61B06611600EF864B /* ParseUI.framework */; };
		E64C83E91B0661C300EF864B /* AudioToolbox.framework in Frameworks */ = {isa = PBXBuildFile; fileRef = E64C83E81B0661C300EF864B /* AudioToolbox.framework */; };
		E64C83EB1B0661C900EF864B /* CoreLocation.framework in Frameworks */ = {isa = PBXBuildFile; fileRef = E64C83EA1B0661C900EF864B /* CoreLocation.framework */; };
		E64C83ED1B0661D200EF864B /* CFNetwork.framework in Frameworks */ = {isa = PBXBuildFile; fileRef = E64C83EC1B0661D200EF864B /* CFNetwork.framework */; };
		E64C83EF1B0661DA00EF864B /* CoreGraphics.framework in Frameworks */ = {isa = PBXBuildFile; fileRef = E64C83EE1B0661DA00EF864B /* CoreGraphics.framework */; };
		E64C83F11B0661E400EF864B /* MobileCoreServices.framework in Frameworks */ = {isa = PBXBuildFile; fileRef = E64C83F01B0661E400EF864B /* MobileCoreServices.framework */; };
		E64C83F31B0661EA00EF864B /* QuartzCore.framework in Frameworks */ = {isa = PBXBuildFile; fileRef = E64C83F21B0661EA00EF864B /* QuartzCore.framework */; };
		E64C83F51B0661F000EF864B /* Security.framework in Frameworks */ = {isa = PBXBuildFile; fileRef = E64C83F41B0661F000EF864B /* Security.framework */; };
		E64C83F71B0661F800EF864B /* StoreKit.framework in Frameworks */ = {isa = PBXBuildFile; fileRef = E64C83F61B0661F800EF864B /* StoreKit.framework */; };
		E64C83F91B0661FE00EF864B /* SystemConfiguration.framework in Frameworks */ = {isa = PBXBuildFile; fileRef = E64C83F81B0661FE00EF864B /* SystemConfiguration.framework */; };
		E64C83FB1B06620600EF864B /* libz.dylib in Frameworks */ = {isa = PBXBuildFile; fileRef = E64C83FA1B06620600EF864B /* libz.dylib */; };
		E64C83FD1B06620D00EF864B /* libsqlite3.dylib in Frameworks */ = {isa = PBXBuildFile; fileRef = E64C83FC1B06620D00EF864B /* libsqlite3.dylib */; };
		E667BCAC1B06718700741292 /* CustomViewWithMap.swift in Sources */ = {isa = PBXBuildFile; fileRef = E667BCAB1B06718700741292 /* CustomViewWithMap.swift */; };
/* End PBXBuildFile section */

/* Begin PBXContainerItemProxy section */
		E631FAA41B0500B200BF0CDA /* PBXContainerItemProxy */ = {
			isa = PBXContainerItemProxy;
			containerPortal = E631FA861B0500B200BF0CDA /* Project object */;
			proxyType = 1;
			remoteGlobalIDString = E631FA8D1B0500B200BF0CDA;
			remoteInfo = FactApp;
		};
/* End PBXContainerItemProxy section */

/* Begin PBXFileReference section */
		E631FA8E1B0500B200BF0CDA /* FactApp.app */ = {isa = PBXFileReference; explicitFileType = wrapper.application; includeInIndex = 0; path = FactApp.app; sourceTree = BUILT_PRODUCTS_DIR; };
		E631FA921B0500B200BF0CDA /* Info.plist */ = {isa = PBXFileReference; lastKnownFileType = text.plist.xml; path = Info.plist; sourceTree = "<group>"; };
		E631FA931B0500B200BF0CDA /* AppDelegate.swift */ = {isa = PBXFileReference; lastKnownFileType = sourcecode.swift; path = AppDelegate.swift; sourceTree = "<group>"; };
		E631FA951B0500B200BF0CDA /* ViewController.swift */ = {isa = PBXFileReference; lastKnownFileType = sourcecode.swift; path = ViewController.swift; sourceTree = "<group>"; };
		E631FA981B0500B200BF0CDA /* Base */ = {isa = PBXFileReference; lastKnownFileType = file.storyboard; name = Base; path = Base.lproj/Main.storyboard; sourceTree = "<group>"; };
		E631FA9A1B0500B200BF0CDA /* Images.xcassets */ = {isa = PBXFileReference; lastKnownFileType = folder.assetcatalog; path = Images.xcassets; sourceTree = "<group>"; };
		E631FA9D1B0500B200BF0CDA /* Base */ = {isa = PBXFileReference; lastKnownFileType = file.xib; name = Base; path = Base.lproj/LaunchScreen.xib; sourceTree = "<group>"; };
		E631FAA31B0500B200BF0CDA /* FactAppTests.xctest */ = {isa = PBXFileReference; explicitFileType = wrapper.cfbundle; includeInIndex = 0; path = FactAppTests.xctest; sourceTree = BUILT_PRODUCTS_DIR; };
		E631FAA81B0500B200BF0CDA /* Info.plist */ = {isa = PBXFileReference; lastKnownFileType = text.plist.xml; path = Info.plist; sourceTree = "<group>"; };
		E631FAA91B0500B200BF0CDA /* FactAppTests.swift */ = {isa = PBXFileReference; lastKnownFileType = sourcecode.swift; path = FactAppTests.swift; sourceTree = "<group>"; };
		E631FAB31B05011F00BF0CDA /* MapKit.framework */ = {isa = PBXFileReference; lastKnownFileType = wrapper.framework; name = MapKit.framework; path = System/Library/Frameworks/MapKit.framework; sourceTree = SDKROOT; };
		E631FAB71B050F3500BF0CDA /* MainView.swift */ = {isa = PBXFileReference; fileEncoding = 4; lastKnownFileType = sourcecode.swift; path = MainView.swift; sourceTree = "<group>"; };
		E631FAB91B05140C00BF0CDA /* CircularScroll.swift */ = {isa = PBXFileReference; fileEncoding = 4; lastKnownFileType = sourcecode.swift; path = CircularScroll.swift; sourceTree = "<group>"; };
		E64C83DC1B0660E400EF864B /* Bolts.framework */ = {isa = PBXFileReference; lastKnownFileType = wrapper.framework; path = Bolts.framework; sourceTree = "<group>"; };
		E64C83DD1B0660E400EF864B /* Parse.framework */ = {isa = PBXFileReference; lastKnownFileType = wrapper.framework; path = Parse.framework; sourceTree = "<group>"; };
		E64C83DE1B0660E400EF864B /* ParseCrashReporting.framework */ = {isa = PBXFileReference; lastKnownFileType = wrapper.framework; path = ParseCrashReporting.framework; sourceTree = "<group>"; };
		E64C83DF1B0660E400EF864B /* ParseFacebookUtils.framework */ = {isa = PBXFileReference; lastKnownFileType = wrapper.framework; path = ParseFacebookUtils.framework; sourceTree = "<group>"; };
		E64C83E01B0660E400EF864B /* ParseFacebookUtilsV4.framework */ = {isa = PBXFileReference; lastKnownFileType = wrapper.framework; path = ParseFacebookUtilsV4.framework; sourceTree = "<group>"; };
		E64C83E61B06611600EF864B /* ParseUI.framework */ = {isa = PBXFileReference; lastKnownFileType = wrapper.framework; path = ParseUI.framework; sourceTree = "<group>"; };
		E64C83E81B0661C300EF864B /* AudioToolbox.framework */ = {isa = PBXFileReference; lastKnownFileType = wrapper.framework; name = AudioToolbox.framework; path = System/Library/Frameworks/AudioToolbox.framework; sourceTree = SDKROOT; };
		E64C83EA1B0661C900EF864B /* CoreLocation.framework */ = {isa = PBXFileReference; lastKnownFileType = wrapper.framework; name = CoreLocation.framework; path = System/Library/Frameworks/CoreLocation.framework; sourceTree = SDKROOT; };
		E64C83EC1B0661D200EF864B /* CFNetwork.framework */ = {isa = PBXFileReference; lastKnownFileType = wrapper.framework; name = CFNetwork.framework; path = System/Library/Frameworks/CFNetwork.framework; sourceTree = SDKROOT; };
		E64C83EE1B0661DA00EF864B /* CoreGraphics.framework */ = {isa = PBXFileReference; lastKnownFileType = wrapper.framework; name = CoreGraphics.framework; path = System/Library/Frameworks/CoreGraphics.framework; sourceTree = SDKROOT; };
		E64C83F01B0661E400EF864B /* MobileCoreServices.framework */ = {isa = PBXFileReference; lastKnownFileType = wrapper.framework; name = MobileCoreServices.framework; path = System/Library/Frameworks/MobileCoreServices.framework; sourceTree = SDKROOT; };
		E64C83F21B0661EA00EF864B /* QuartzCore.framework */ = {isa = PBXFileReference; lastKnownFileType = wrapper.framework; name = QuartzCore.framework; path = System/Library/Frameworks/QuartzCore.framework; sourceTree = SDKROOT; };
		E64C83F41B0661F000EF864B /* Security.framework */ = {isa = PBXFileReference; lastKnownFileType = wrapper.framework; name = Security.framework; path = System/Library/Frameworks/Security.framework; sourceTree = SDKROOT; };
		E64C83F61B0661F800EF864B /* StoreKit.framework */ = {isa = PBXFileReference; lastKnownFileType = wrapper.framework; name = StoreKit.framework; path = System/Library/Frameworks/StoreKit.framework; sourceTree = SDKROOT; };
		E64C83F81B0661FE00EF864B /* SystemConfiguration.framework */ = {isa = PBXFileReference; lastKnownFileType = wrapper.framework; name = SystemConfiguration.framework; path = System/Library/Frameworks/SystemConfiguration.framework; sourceTree = SDKROOT; };
		E64C83FA1B06620600EF864B /* libz.dylib */ = {isa = PBXFileReference; lastKnownFileType = "compiled.mach-o.dylib"; name = libz.dylib; path = usr/lib/libz.dylib; sourceTree = SDKROOT; };
		E64C83FC1B06620D00EF864B /* libsqlite3.dylib */ = {isa = PBXFileReference; lastKnownFileType = "compiled.mach-o.dylib"; name = libsqlite3.dylib; path = usr/lib/libsqlite3.dylib; sourceTree = SDKROOT; };
		E667BCAB1B06718700741292 /* CustomViewWithMap.swift */ = {isa = PBXFileReference; fileEncoding = 4; lastKnownFileType = sourcecode.swift; path = CustomViewWithMap.swift; sourceTree = "<group>"; };
/* End PBXFileReference section */

/* Begin PBXFrameworksBuildPhase section */
		E631FA8B1B0500B200BF0CDA /* Frameworks */ = {
			isa = PBXFrameworksBuildPhase;
			buildActionMask = 2147483647;
			files = (
				E64C83FD1B06620D00EF864B /* libsqlite3.dylib in Frameworks */,
				E64C83FB1B06620600EF864B /* libz.dylib in Frameworks */,
				E64C83F91B0661FE00EF864B /* SystemConfiguration.framework in Frameworks */,
				E64C83F71B0661F800EF864B /* StoreKit.framework in Frameworks */,
				E64C83F51B0661F000EF864B /* Security.framework in Frameworks */,
				E64C83F31B0661EA00EF864B /* QuartzCore.framework in Frameworks */,
				E64C83F11B0661E400EF864B /* MobileCoreServices.framework in Frameworks */,
				E64C83EF1B0661DA00EF864B /* CoreGraphics.framework in Frameworks */,
				E64C83ED1B0661D200EF864B /* CFNetwork.framework in Frameworks */,
				E64C83EB1B0661C900EF864B /* CoreLocation.framework in Frameworks */,
				E64C83E91B0661C300EF864B /* AudioToolbox.framework in Frameworks */,
				E631FAB41B05011F00BF0CDA /* MapKit.framework in Frameworks */,
				E64C83E21B0660E400EF864B /* Parse.framework in Frameworks */,
				E64C83E71B06611600EF864B /* ParseUI.framework in Frameworks */,
				E64C83E51B0660E400EF864B /* ParseFacebookUtilsV4.framework in Frameworks */,
				E64C83E11B0660E400EF864B /* Bolts.framework in Frameworks */,
				E64C83E41B0660E400EF864B /* ParseFacebookUtils.framework in Frameworks */,
				E64C83E31B0660E400EF864B /* ParseCrashReporting.framework in Frameworks */,
			);
			runOnlyForDeploymentPostprocessing = 0;
		};
		E631FAA01B0500B200BF0CDA /* Frameworks */ = {
			isa = PBXFrameworksBuildPhase;
			buildActionMask = 2147483647;
			files = (
			);
			runOnlyForDeploymentPostprocessing = 0;
		};
/* End PBXFrameworksBuildPhase section */

/* Begin PBXGroup section */
		E631FA851B0500B200BF0CDA = {
			isa = PBXGroup;
			children = (
				E64C83FC1B06620D00EF864B /* libsqlite3.dylib */,
				E64C83FA1B06620600EF864B /* libz.dylib */,
				E64C83E61B06611600EF864B /* ParseUI.framework */,
				E64C83DC1B0660E400EF864B /* Bolts.framework */,
				E64C83DD1B0660E400EF864B /* Parse.framework */,
				E64C83DE1B0660E400EF864B /* ParseCrashReporting.framework */,
				E64C83DF1B0660E400EF864B /* ParseFacebookUtils.framework */,
				E64C83E01B0660E400EF864B /* ParseFacebookUtilsV4.framework */,
				E64C83F81B0661FE00EF864B /* SystemConfiguration.framework */,
				E64C83F61B0661F800EF864B /* StoreKit.framework */,
				E64C83F41B0661F000EF864B /* Security.framework */,
				E64C83F21B0661EA00EF864B /* QuartzCore.framework */,
				E64C83F01B0661E400EF864B /* MobileCoreServices.framework */,
				E64C83EE1B0661DA00EF864B /* CoreGraphics.framework */,
				E64C83EC1B0661D200EF864B /* CFNetwork.framework */,
				E64C83EA1B0661C900EF864B /* CoreLocation.framework */,
				E64C83E81B0661C300EF864B /* AudioToolbox.framework */,
				E631FAB31B05011F00BF0CDA /* MapKit.framework */,
				E631FA901B0500B200BF0CDA /* FactApp */,
				E631FAA61B0500B200BF0CDA /* FactAppTests */,
				E631FA8F1B0500B200BF0CDA /* Products */,
			);
			sourceTree = "<group>";
		};
		E631FA8F1B0500B200BF0CDA /* Products */ = {
			isa = PBXGroup;
			children = (
				E631FA8E1B0500B200BF0CDA /* FactApp.app */,
				E631FAA31B0500B200BF0CDA /* FactAppTests.xctest */,
			);
			name = Products;
			sourceTree = "<group>";
		};
		E631FA901B0500B200BF0CDA /* FactApp */ = {
			isa = PBXGroup;
			children = (
				E631FA931B0500B200BF0CDA /* AppDelegate.swift */,
				E631FA951B0500B200BF0CDA /* ViewController.swift */,
				E667BCAB1B06718700741292 /* CustomViewWithMap.swift */,
				E631FA971B0500B200BF0CDA /* Main.storyboard */,
				E631FAB91B05140C00BF0CDA /* CircularScroll.swift */,
				E631FAB71B050F3500BF0CDA /* MainView.swift */,
				E631FA9A1B0500B200BF0CDA /* Images.xcassets */,
				E631FA9C1B0500B200BF0CDA /* LaunchScreen.xib */,
				E631FA911B0500B200BF0CDA /* Supporting Files */,
			);
			path = FactApp;
			sourceTree = "<group>";
		};
		E631FA911B0500B200BF0CDA /* Supporting Files */ = {
			isa = PBXGroup;
			children = (
				E631FA921B0500B200BF0CDA /* Info.plist */,
			);
			name = "Supporting Files";
			sourceTree = "<group>";
		};
		E631FAA61B0500B200BF0CDA /* FactAppTests */ = {
			isa = PBXGroup;
			children = (
				E631FAA91B0500B200BF0CDA /* FactAppTests.swift */,
				E631FAA71B0500B200BF0CDA /* Supporting Files */,
			);
			path = FactAppTests;
			sourceTree = "<group>";
		};
		E631FAA71B0500B200BF0CDA /* Supporting Files */ = {
			isa = PBXGroup;
			children = (
				E631FAA81B0500B200BF0CDA /* Info.plist */,
			);
			name = "Supporting Files";
			sourceTree = "<group>";
		};
/* End PBXGroup section */

/* Begin PBXNativeTarget section */
		E631FA8D1B0500B200BF0CDA /* FactApp */ = {
			isa = PBXNativeTarget;
			buildConfigurationList = E631FAAD1B0500B200BF0CDA /* Build configuration list for PBXNativeTarget "FactApp" */;
			buildPhases = (
				E631FA8A1B0500B200BF0CDA /* Sources */,
				E631FA8B1B0500B200BF0CDA /* Frameworks */,
				E631FA8C1B0500B200BF0CDA /* Resources */,
			);
			buildRules = (
			);
			dependencies = (
			);
			name = FactApp;
			productName = FactApp;
			productReference = E631FA8E1B0500B200BF0CDA /* FactApp.app */;
			productType = "com.apple.product-type.application";
		};
		E631FAA21B0500B200BF0CDA /* FactAppTests */ = {
			isa = PBXNativeTarget;
			buildConfigurationList = E631FAB01B0500B200BF0CDA /* Build configuration list for PBXNativeTarget "FactAppTests" */;
			buildPhases = (
				E631FA9F1B0500B200BF0CDA /* Sources */,
				E631FAA01B0500B200BF0CDA /* Frameworks */,
				E631FAA11B0500B200BF0CDA /* Resources */,
			);
			buildRules = (
			);
			dependencies = (
				E631FAA51B0500B200BF0CDA /* PBXTargetDependency */,
			);
			name = FactAppTests;
			productName = FactAppTests;
			productReference = E631FAA31B0500B200BF0CDA /* FactAppTests.xctest */;
			productType = "com.apple.product-type.bundle.unit-test";
		};
/* End PBXNativeTarget section */

/* Begin PBXProject section */
		E631FA861B0500B200BF0CDA /* Project object */ = {
			isa = PBXProject;
			attributes = {
				LastUpgradeCheck = 0630;
				ORGANIZATIONNAME = "Ezequiel de Oliveira Lima";
				TargetAttributes = {
					E631FA8D1B0500B200BF0CDA = {
						CreatedOnToolsVersion = 6.3.1;
					};
					E631FAA21B0500B200BF0CDA = {
						CreatedOnToolsVersion = 6.3.1;
						TestTargetID = E631FA8D1B0500B200BF0CDA;
					};
				};
			};
			buildConfigurationList = E631FA891B0500B200BF0CDA /* Build configuration list for PBXProject "FactApp" */;
			compatibilityVersion = "Xcode 3.2";
			developmentRegion = English;
			hasScannedForEncodings = 0;
			knownRegions = (
				en,
				Base,
			);
			mainGroup = E631FA851B0500B200BF0CDA;
			productRefGroup = E631FA8F1B0500B200BF0CDA /* Products */;
			projectDirPath = "";
			projectRoot = "";
			targets = (
				E631FA8D1B0500B200BF0CDA /* FactApp */,
				E631FAA21B0500B200BF0CDA /* FactAppTests */,
			);
		};
/* End PBXProject section */

/* Begin PBXResourcesBuildPhase section */
		E631FA8C1B0500B200BF0CDA /* Resources */ = {
			isa = PBXResourcesBuildPhase;
			buildActionMask = 2147483647;
			files = (
				E631FA991B0500B200BF0CDA /* Main.storyboard in Resources */,
				E631FA9E1B0500B200BF0CDA /* LaunchScreen.xib in Resources */,
				E631FA9B1B0500B200BF0CDA /* Images.xcassets in Resources */,
			);
			runOnlyForDeploymentPostprocessing = 0;
		};
		E631FAA11B0500B200BF0CDA /* Resources */ = {
			isa = PBXResourcesBuildPhase;
			buildActionMask = 2147483647;
			files = (
			);
			runOnlyForDeploymentPostprocessing = 0;
		};
/* End PBXResourcesBuildPhase section */

/* Begin PBXSourcesBuildPhase section */
		E631FA8A1B0500B200BF0CDA /* Sources */ = {
			isa = PBXSourcesBuildPhase;
			buildActionMask = 2147483647;
			files = (
				E631FAB81B050F3500BF0CDA /* MainView.swift in Sources */,
				E667BCAC1B06718700741292 /* CustomViewWithMap.swift in Sources */,
				E631FA961B0500B200BF0CDA /* ViewController.swift in Sources */,
				E631FA941B0500B200BF0CDA /* AppDelegate.swift in Sources */,
				E631FABA1B05140C00BF0CDA /* CircularScroll.swift in Sources */,
			);
			runOnlyForDeploymentPostprocessing = 0;
		};
		E631FA9F1B0500B200BF0CDA /* Sources */ = {
			isa = PBXSourcesBuildPhase;
			buildActionMask = 2147483647;
			files = (
				E631FAAA1B0500B200BF0CDA /* FactAppTests.swift in Sources */,
			);
			runOnlyForDeploymentPostprocessing = 0;
		};
/* End PBXSourcesBuildPhase section */

/* Begin PBXTargetDependency section */
		E631FAA51B0500B200BF0CDA /* PBXTargetDependency */ = {
			isa = PBXTargetDependency;
			target = E631FA8D1B0500B200BF0CDA /* FactApp */;
			targetProxy = E631FAA41B0500B200BF0CDA /* PBXContainerItemProxy */;
		};
/* End PBXTargetDependency section */

/* Begin PBXVariantGroup section */
		E631FA971B0500B200BF0CDA /* Main.storyboard */ = {
			isa = PBXVariantGroup;
			children = (
				E631FA981B0500B200BF0CDA /* Base */,
			);
			name = Main.storyboard;
			sourceTree = "<group>";
		};
		E631FA9C1B0500B200BF0CDA /* LaunchScreen.xib */ = {
			isa = PBXVariantGroup;
			children = (
				E631FA9D1B0500B200BF0CDA /* Base */,
			);
			name = LaunchScreen.xib;
			sourceTree = "<group>";
		};
/* End PBXVariantGroup section */

/* Begin XCBuildConfiguration section */
		E631FAAB1B0500B200BF0CDA /* Debug */ = {
			isa = XCBuildConfiguration;
			buildSettings = {
				ALWAYS_SEARCH_USER_PATHS = NO;
				CLANG_CXX_LANGUAGE_STANDARD = "gnu++0x";
				CLANG_CXX_LIBRARY = "libc++";
				CLANG_ENABLE_MODULES = YES;
				CLANG_ENABLE_OBJC_ARC = YES;
				CLANG_WARN_BOOL_CONVERSION = YES;
				CLANG_WARN_CONSTANT_CONVERSION = YES;
				CLANG_WARN_DIRECT_OBJC_ISA_USAGE = YES_ERROR;
				CLANG_WARN_EMPTY_BODY = YES;
				CLANG_WARN_ENUM_CONVERSION = YES;
				CLANG_WARN_INT_CONVERSION = YES;
				CLANG_WARN_OBJC_ROOT_CLASS = YES_ERROR;
				CLANG_WARN_UNREACHABLE_CODE = YES;
				CLANG_WARN__DUPLICATE_METHOD_MATCH = YES;
				"CODE_SIGN_IDENTITY[sdk=iphoneos*]" = "iPhone Developer";
				COPY_PHASE_STRIP = NO;
				DEBUG_INFORMATION_FORMAT = "dwarf-with-dsym";
				ENABLE_STRICT_OBJC_MSGSEND = YES;
				GCC_C_LANGUAGE_STANDARD = gnu99;
				GCC_DYNAMIC_NO_PIC = NO;
				GCC_NO_COMMON_BLOCKS = YES;
				GCC_OPTIMIZATION_LEVEL = 0;
				GCC_PREPROCESSOR_DEFINITIONS = (
					"DEBUG=1",
					"$(inherited)",
				);
				GCC_SYMBOLS_PRIVATE_EXTERN = NO;
				GCC_WARN_64_TO_32_BIT_CONVERSION = YES;
				GCC_WARN_ABOUT_RETURN_TYPE = YES_ERROR;
				GCC_WARN_UNDECLARED_SELECTOR = YES;
				GCC_WARN_UNINITIALIZED_AUTOS = YES_AGGRESSIVE;
				GCC_WARN_UNUSED_FUNCTION = YES;
				GCC_WARN_UNUSED_VARIABLE = YES;
				IPHONEOS_DEPLOYMENT_TARGET = 8.3;
				MTL_ENABLE_DEBUG_INFO = YES;
				ONLY_ACTIVE_ARCH = YES;
				SDKROOT = iphoneos;
				SWIFT_OPTIMIZATION_LEVEL = "-Onone";
				TARGETED_DEVICE_FAMILY = "1,2";
			};
			name = Debug;
		};
		E631FAAC1B0500B200BF0CDA /* Release */ = {
			isa = XCBuildConfiguration;
			buildSettings = {
				ALWAYS_SEARCH_USER_PATHS = NO;
				CLANG_CXX_LANGUAGE_STANDARD = "gnu++0x";
				CLANG_CXX_LIBRARY = "libc++";
				CLANG_ENABLE_MODULES = YES;
				CLANG_ENABLE_OBJC_ARC = YES;
				CLANG_WARN_BOOL_CONVERSION = YES;
				CLANG_WARN_CONSTANT_CONVERSION = YES;
				CLANG_WARN_DIRECT_OBJC_ISA_USAGE = YES_ERROR;
				CLANG_WARN_EMPTY_BODY = YES;
				CLANG_WARN_ENUM_CONVERSION = YES;
				CLANG_WARN_INT_CONVERSION = YES;
				CLANG_WARN_OBJC_ROOT_CLASS = YES_ERROR;
				CLANG_WARN_UNREACHABLE_CODE = YES;
				CLANG_WARN__DUPLICATE_METHOD_MATCH = YES;
				"CODE_SIGN_IDENTITY[sdk=iphoneos*]" = "iPhone Developer";
				COPY_PHASE_STRIP = NO;
				DEBUG_INFORMATION_FORMAT = "dwarf-with-dsym";
				ENABLE_NS_ASSERTIONS = NO;
				ENABLE_STRICT_OBJC_MSGSEND = YES;
				GCC_C_LANGUAGE_STANDARD = gnu99;
				GCC_NO_COMMON_BLOCKS = YES;
				GCC_WARN_64_TO_32_BIT_CONVERSION = YES;
				GCC_WARN_ABOUT_RETURN_TYPE = YES_ERROR;
				GCC_WARN_UNDECLARED_SELECTOR = YES;
				GCC_WARN_UNINITIALIZED_AUTOS = YES_AGGRESSIVE;
				GCC_WARN_UNUSED_FUNCTION = YES;
				GCC_WARN_UNUSED_VARIABLE = YES;
				IPHONEOS_DEPLOYMENT_TARGET = 8.3;
				MTL_ENABLE_DEBUG_INFO = NO;
				SDKROOT = iphoneos;
				TARGETED_DEVICE_FAMILY = "1,2";
				VALIDATE_PRODUCT = YES;
			};
			name = Release;
		};
		E631FAAE1B0500B200BF0CDA /* Debug */ = {
			isa = XCBuildConfiguration;
			buildSettings = {
				ASSETCATALOG_COMPILER_APPICON_NAME = AppIcon;
				FRAMEWORK_SEARCH_PATHS = (
					"$(inherited)",
					"$(PROJECT_DIR)",
				);
				INFOPLIST_FILE = FactApp/Info.plist;
				LD_RUNPATH_SEARCH_PATHS = "$(inherited) @executable_path/Frameworks";
				PRODUCT_NAME = "$(TARGET_NAME)";
			};
			name = Debug;
		};
		E631FAAF1B0500B200BF0CDA /* Release */ = {
			isa = XCBuildConfiguration;
			buildSettings = {
				ASSETCATALOG_COMPILER_APPICON_NAME = AppIcon;
				FRAMEWORK_SEARCH_PATHS = (
					"$(inherited)",
					"$(PROJECT_DIR)",
				);
				INFOPLIST_FILE = FactApp/Info.plist;
				LD_RUNPATH_SEARCH_PATHS = "$(inherited) @executable_path/Frameworks";
				PRODUCT_NAME = "$(TARGET_NAME)";
			};
			name = Release;
		};
		E631FAB11B0500B200BF0CDA /* Debug */ = {
			isa = XCBuildConfiguration;
			buildSettings = {
				BUNDLE_LOADER = "$(TEST_HOST)";
				FRAMEWORK_SEARCH_PATHS = (
					"$(SDKROOT)/Developer/Library/Frameworks",
					"$(inherited)",
				);
				GCC_PREPROCESSOR_DEFINITIONS = (
					"DEBUG=1",
					"$(inherited)",
				);
				INFOPLIST_FILE = FactAppTests/Info.plist;
				LD_RUNPATH_SEARCH_PATHS = "$(inherited) @executable_path/Frameworks @loader_path/Frameworks";
				PRODUCT_NAME = "$(TARGET_NAME)";
				TEST_HOST = "$(BUILT_PRODUCTS_DIR)/FactApp.app/FactApp";
			};
			name = Debug;
		};
		E631FAB21B0500B200BF0CDA /* Release */ = {
			isa = XCBuildConfiguration;
			buildSettings = {
				BUNDLE_LOADER = "$(TEST_HOST)";
				FRAMEWORK_SEARCH_PATHS = (
					"$(SDKROOT)/Developer/Library/Frameworks",
					"$(inherited)",
				);
				INFOPLIST_FILE = FactAppTests/Info.plist;
				LD_RUNPATH_SEARCH_PATHS = "$(inherited) @executable_path/Frameworks @loader_path/Frameworks";
				PRODUCT_NAME = "$(TARGET_NAME)";
				TEST_HOST = "$(BUILT_PRODUCTS_DIR)/FactApp.app/FactApp";
			};
			name = Release;
		};
/* End XCBuildConfiguration section */

/* Begin XCConfigurationList section */
		E631FA891B0500B200BF0CDA /* Build configuration list for PBXProject "FactApp" */ = {
			isa = XCConfigurationList;
			buildConfigurations = (
				E631FAAB1B0500B200BF0CDA /* Debug */,
				E631FAAC1B0500B200BF0CDA /* Release */,
			);
			defaultConfigurationIsVisible = 0;
			defaultConfigurationName = Release;
		};
		E631FAAD1B0500B200BF0CDA /* Build configuration list for PBXNativeTarget "FactApp" */ = {
			isa = XCConfigurationList;
			buildConfigurations = (
				E631FAAE1B0500B200BF0CDA /* Debug */,
				E631FAAF1B0500B200BF0CDA /* Release */,
			);
			defaultConfigurationIsVisible = 0;
			defaultConfigurationName = Release;
		};
		E631FAB01B0500B200BF0CDA /* Build configuration list for PBXNativeTarget "FactAppTests" */ = {
			isa = XCConfigurationList;
			buildConfigurations = (
				E631FAB11B0500B200BF0CDA /* Debug */,
				E631FAB21B0500B200BF0CDA /* Release */,
			);
			defaultConfigurationIsVisible = 0;
			defaultConfigurationName = Release;
		};
/* End XCConfigurationList section */
	};
	rootObject = E631FA861B0500B200BF0CDA /* Project object */;
}
